
Microsoft Visual Studio Solution File, Format Version 12.00
# Visual Studio Version 17
VisualStudioVersion = 17.9.34701.34
MinimumVisualStudioVersion = 10.0.40219.1
Project("{FAE04EC0-301F-11D3-BF4B-00C04F79EFBC}") = "DummyAuthorizationProvider.API", "DummyAuthorizationProvider.API\DummyAuthorizationProvider.API.csproj", "{D762165C-52D1-4609-99CF-1C7BC6FAC4F7}"
EndProject
Global
	GlobalSection(SolutionConfigurationPlatforms) = preSolution
		Debug|Any CPU = Debug|Any CPU
		Release|Any CPU = Release|Any CPU
	EndGlobalSection
	GlobalSection(ProjectConfigurationPlatforms) = postSolution
		{D762165C-52D1-4609-99CF-1C7BC6FAC4F7}.Debug|Any CPU.ActiveCfg = Debug|Any CPU
		{D762165C-52D1-4609-99CF-1C7BC6FAC4F7}.Debug|Any CPU.Build.0 = Debug|Any CPU
		{D762165C-52D1-4609-99CF-1C7BC6FAC4F7}.Release|Any CPU.ActiveCfg = Release|Any CPU
		{D762165C-52D1-4609-99CF-1C7BC6FAC4F7}.Release|Any CPU.Build.0 = Release|Any CPU
	EndGlobalSection
	GlobalSection(SolutionProperties) = preSolution
		HideSolutionNode = FALSE
	EndGlobalSection
	GlobalSection(ExtensibilityGlobals) = postSolution
		SolutionGuid = {DE97A039-6A59-4AC7-B601-703E644D1960}
	EndGlobalSection
EndGlobal
